// !$*UTF8*$!
{
	archiveVersion = 1;
	classes = {
	};
	objectVersion = 46;
	objects = {

/* Begin PBXBuildFile section */
		067575E11560EE9500FBCCB9 /* Lecture.m in Sources */ = {isa = PBXBuildFile; fileRef = 067575E01560EE9500FBCCB9 /* Lecture.m */; };
		067575E51560EF3100FBCCB9 /* ScheduleService.m in Sources */ = {isa = PBXBuildFile; fileRef = 067575E41560EF3100FBCCB9 /* ScheduleService.m */; };
		067575E81560F11100FBCCB9 /* Note.m in Sources */ = {isa = PBXBuildFile; fileRef = 067575E71560F11100FBCCB9 /* Note.m */; };
		067BE31C156B70A0001BB461 /* Message.m in Sources */ = {isa = PBXBuildFile; fileRef = 067BE31B156B70A0001BB461 /* Message.m */; };
		06EFCE3015594F4F00498776 /* Foundation.framework in Frameworks */ = {isa = PBXBuildFile; fileRef = 06EFCE2F15594F4F00498776 /* Foundation.framework */; };
		06EFCE3315594F4F00498776 /* main.m in Sources */ = {isa = PBXBuildFile; fileRef = 06EFCE3215594F4F00498776 /* main.m */; };
		06EFCE3715594F4F00498776 /* SchoolP.1 in CopyFiles */ = {isa = PBXBuildFile; fileRef = 06EFCE3615594F4F00498776 /* SchoolP.1 */; };
		06EFCE4A155950CF00498776 /* DBService.m in Sources */ = {isa = PBXBuildFile; fileRef = 06EFCE49155950CF00498776 /* DBService.m */; };
		E7961B17156BB34500841504 /* Menu.m in Sources */ = {isa = PBXBuildFile; fileRef = E7961B16156BB34500841504 /* Menu.m */; };
		E7A3A586156E14AA001AE3F6 /* User.m in Sources */ = {isa = PBXBuildFile; fileRef = E7A3A585156E14AA001AE3F6 /* User.m */; };
		E7F81EA415624F86009E96F5 /* LoginService.m in Sources */ = {isa = PBXBuildFile; fileRef = E7F81EA315624F86009E96F5 /* LoginService.m */; };
/* End PBXBuildFile section */

/* Begin PBXCopyFilesBuildPhase section */
		06EFCE2915594F4F00498776 /* CopyFiles */ = {
			isa = PBXCopyFilesBuildPhase;
			buildActionMask = 2147483647;
			dstPath = /usr/share/man/man1/;
			dstSubfolderSpec = 0;
			files = (
				06EFCE3715594F4F00498776 /* SchoolP.1 in CopyFiles */,
			);
			runOnlyForDeploymentPostprocessing = 1;
		};
/* End PBXCopyFilesBuildPhase section */

/* Begin PBXFileReference section */
		067575DF1560EE9400FBCCB9 /* Lecture.h */ = {isa = PBXFileReference; fileEncoding = 4; lastKnownFileType = sourcecode.c.h; path = Lecture.h; sourceTree = "<group>"; };
		067575E01560EE9500FBCCB9 /* Lecture.m */ = {isa = PBXFileReference; fileEncoding = 4; lastKnownFileType = sourcecode.c.objc; path = Lecture.m; sourceTree = "<group>"; };
		067575E31560EF3100FBCCB9 /* ScheduleService.h */ = {isa = PBXFileReference; fileEncoding = 4; lastKnownFileType = sourcecode.c.h; path = ScheduleService.h; sourceTree = "<group>"; };
		067575E41560EF3100FBCCB9 /* ScheduleService.m */ = {isa = PBXFileReference; fileEncoding = 4; lastKnownFileType = sourcecode.c.objc; path = ScheduleService.m; sourceTree = "<group>"; };
		067575E61560F11100FBCCB9 /* Note.h */ = {isa = PBXFileReference; fileEncoding = 4; lastKnownFileType = sourcecode.c.h; path = Note.h; sourceTree = "<group>"; };
		067575E71560F11100FBCCB9 /* Note.m */ = {isa = PBXFileReference; fileEncoding = 4; lastKnownFileType = sourcecode.c.objc; path = Note.m; sourceTree = "<group>"; };
		067BE31A156B70A0001BB461 /* Message.h */ = {isa = PBXFileReference; fileEncoding = 4; lastKnownFileType = sourcecode.c.h; path = Message.h; sourceTree = "<group>"; };
		067BE31B156B70A0001BB461 /* Message.m */ = {isa = PBXFileReference; fileEncoding = 4; lastKnownFileType = sourcecode.c.objc; path = Message.m; sourceTree = "<group>"; };
		06EFCE2B15594F4F00498776 /* SchoolP */ = {isa = PBXFileReference; explicitFileType = "compiled.mach-o.executable"; includeInIndex = 0; path = SchoolP; sourceTree = BUILT_PRODUCTS_DIR; };
		06EFCE2F15594F4F00498776 /* Foundation.framework */ = {isa = PBXFileReference; lastKnownFileType = wrapper.framework; name = Foundation.framework; path = System/Library/Frameworks/Foundation.framework; sourceTree = SDKROOT; };
		06EFCE3215594F4F00498776 /* main.m */ = {isa = PBXFileReference; lastKnownFileType = sourcecode.c.objc; path = main.m; sourceTree = "<group>"; };
		06EFCE3515594F4F00498776 /* SchoolP-Prefix.pch */ = {isa = PBXFileReference; lastKnownFileType = sourcecode.c.h; path = "SchoolP-Prefix.pch"; sourceTree = "<group>"; };
		06EFCE3615594F4F00498776 /* SchoolP.1 */ = {isa = PBXFileReference; lastKnownFileType = text.man; path = SchoolP.1; sourceTree = "<group>"; };
		06EFCE48155950CF00498776 /* DBService.h */ = {isa = PBXFileReference; fileEncoding = 4; lastKnownFileType = sourcecode.c.h; path = DBService.h; sourceTree = "<group>"; };
		06EFCE49155950CF00498776 /* DBService.m */ = {isa = PBXFileReference; fileEncoding = 4; lastKnownFileType = sourcecode.c.objc; path = DBService.m; sourceTree = "<group>"; };
		E7961B15156BB34500841504 /* Menu.h */ = {isa = PBXFileReference; fileEncoding = 4; lastKnownFileType = sourcecode.c.h; path = Menu.h; sourceTree = "<group>"; };
		E7961B16156BB34500841504 /* Menu.m */ = {isa = PBXFileReference; fileEncoding = 4; lastKnownFileType = sourcecode.c.objc; path = Menu.m; sourceTree = "<group>"; };
		E7A3A584156E14AA001AE3F6 /* User.h */ = {isa = PBXFileReference; fileEncoding = 4; lastKnownFileType = sourcecode.c.h; path = User.h; sourceTree = "<group>"; };
		E7A3A585156E14AA001AE3F6 /* User.m */ = {isa = PBXFileReference; fileEncoding = 4; lastKnownFileType = sourcecode.c.objc; path = User.m; sourceTree = "<group>"; };
		E7F81EA215624F86009E96F5 /* LoginService.h */ = {isa = PBXFileReference; fileEncoding = 4; lastKnownFileType = sourcecode.c.h; path = LoginService.h; sourceTree = "<group>"; };
		E7F81EA315624F86009E96F5 /* LoginService.m */ = {isa = PBXFileReference; fileEncoding = 4; lastKnownFileType = sourcecode.c.objc; path = LoginService.m; sourceTree = "<group>"; };
/* End PBXFileReference section */

/* Begin PBXFrameworksBuildPhase section */
		06EFCE2815594F4F00498776 /* Frameworks */ = {
			isa = PBXFrameworksBuildPhase;
			buildActionMask = 2147483647;
			files = (
				06EFCE3015594F4F00498776 /* Foundation.framework in Frameworks */,
			);
			runOnlyForDeploymentPostprocessing = 0;
		};
/* End PBXFrameworksBuildPhase section */

/* Begin PBXGroup section */
		06EFCE2015594F4F00498776 = {
			isa = PBXGroup;
			children = (
				06EFCE3115594F4F00498776 /* SchoolP */,
				06EFCE2E15594F4F00498776 /* Frameworks */,
				06EFCE2C15594F4F00498776 /* Products */,
			);
			sourceTree = "<group>";
		};
		06EFCE2C15594F4F00498776 /* Products */ = {
			isa = PBXGroup;
			children = (
				06EFCE2B15594F4F00498776 /* SchoolP */,
			);
			name = Products;
			sourceTree = "<group>";
		};
		06EFCE2E15594F4F00498776 /* Frameworks */ = {
			isa = PBXGroup;
			children = (
				06EFCE2F15594F4F00498776 /* Foundation.framework */,
			);
			name = Frameworks;
			sourceTree = "<group>";
		};
		06EFCE3115594F4F00498776 /* SchoolP */ = {
			isa = PBXGroup;
			children = (
				06EFCE3215594F4F00498776 /* main.m */,
				06EFCE3E1559501100498776 /* Service */,
				06EFCE3D1559500A00498776 /* Model */,
				06EFCE3415594F4F00498776 /* Supporting Files */,
			);
			path = SchoolP;
			sourceTree = "<group>";
		};
		06EFCE3415594F4F00498776 /* Supporting Files */ = {
			isa = PBXGroup;
			children = (
				06EFCE3615594F4F00498776 /* SchoolP.1 */,
				06EFCE3515594F4F00498776 /* SchoolP-Prefix.pch */,
			);
			name = "Supporting Files";
			sourceTree = "<group>";
		};
		06EFCE3D1559500A00498776 /* Model */ = {
			isa = PBXGroup;
			children = (
				067575DF1560EE9400FBCCB9 /* Lecture.h */,
				067575E01560EE9500FBCCB9 /* Lecture.m */,
				067575E61560F11100FBCCB9 /* Note.h */,
				067575E71560F11100FBCCB9 /* Note.m */,
				067BE31A156B70A0001BB461 /* Message.h */,
				067BE31B156B70A0001BB461 /* Message.m */,
				E7A3A584156E14AA001AE3F6 /* User.h */,
				E7A3A585156E14AA001AE3F6 /* User.m */,
			);
			name = Model;
			sourceTree = "<group>";
		};
		06EFCE3E1559501100498776 /* Service */ = {
			isa = PBXGroup;
			children = (
				E7961B15156BB34500841504 /* Menu.h */,
				E7961B16156BB34500841504 /* Menu.m */,
				06EFCE48155950CF00498776 /* DBService.h */,
				06EFCE49155950CF00498776 /* DBService.m */,
				067575E31560EF3100FBCCB9 /* ScheduleService.h */,
				067575E41560EF3100FBCCB9 /* ScheduleService.m */,
				E7F81EA215624F86009E96F5 /* LoginService.h */,
				E7F81EA315624F86009E96F5 /* LoginService.m */,
			);
			name = Service;
			sourceTree = "<group>";
		};
/* End PBXGroup section */

/* Begin PBXNativeTarget section */
		06EFCE2A15594F4F00498776 /* SchoolP */ = {
			isa = PBXNativeTarget;
			buildConfigurationList = 06EFCE3A15594F4F00498776 /* Build configuration list for PBXNativeTarget "SchoolP" */;
			buildPhases = (
				06EFCE2715594F4F00498776 /* Sources */,
				06EFCE2815594F4F00498776 /* Frameworks */,
				06EFCE2915594F4F00498776 /* CopyFiles */,
			);
			buildRules = (
			);
			dependencies = (
			);
			name = SchoolP;
			productName = SchoolP;
			productReference = 06EFCE2B15594F4F00498776 /* SchoolP */;
			productType = "com.apple.product-type.tool";
		};
/* End PBXNativeTarget section */

/* Begin PBXProject section */
		06EFCE2215594F4F00498776 /* Project object */ = {
			isa = PBXProject;
			attributes = {
				LastUpgradeCheck = 0430;
				ORGANIZATIONNAME = "C3l Centrum för livslångt lärande";
			};
			buildConfigurationList = 06EFCE2515594F4F00498776 /* Build configuration list for PBXProject "SchoolP" */;
			compatibilityVersion = "Xcode 3.2";
			developmentRegion = English;
			hasScannedForEncodings = 0;
			knownRegions = (
				en,
			);
			mainGroup = 06EFCE2015594F4F00498776;
			productRefGroup = 06EFCE2C15594F4F00498776 /* Products */;
			projectDirPath = "";
			projectRoot = "";
			targets = (
				06EFCE2A15594F4F00498776 /* SchoolP */,
			);
		};
/* End PBXProject section */

/* Begin PBXSourcesBuildPhase section */
		06EFCE2715594F4F00498776 /* Sources */ = {
			isa = PBXSourcesBuildPhase;
			buildActionMask = 2147483647;
			files = (
				06EFCE3315594F4F00498776 /* main.m in Sources */,
				06EFCE4A155950CF00498776 /* DBService.m in Sources */,
				067575E11560EE9500FBCCB9 /* Lecture.m in Sources */,
				067575E51560EF3100FBCCB9 /* ScheduleService.m in Sources */,
				067575E81560F11100FBCCB9 /* Note.m in Sources */,
				E7F81EA415624F86009E96F5 /* LoginService.m in Sources */,
				067BE31C156B70A0001BB461 /* Message.m in Sources */,
				E7961B17156BB34500841504 /* Menu.m in Sources */,
				E7A3A586156E14AA001AE3F6 /* User.m in Sources */,
			);
			runOnlyForDeploymentPostprocessing = 0;
		};
/* End PBXSourcesBuildPhase section */

/* Begin XCBuildConfiguration section */
		06EFCE3815594F4F00498776 /* Debug */ = {
			isa = XCBuildConfiguration;
			buildSettings = {
				ALWAYS_SEARCH_USER_PATHS = NO;
				ARCHS = "$(ARCHS_STANDARD_64_BIT)";
				CLANG_ENABLE_OBJC_ARC = YES;
				COPY_PHASE_STRIP = NO;
				GCC_C_LANGUAGE_STANDARD = gnu99;
				GCC_DYNAMIC_NO_PIC = NO;
				GCC_ENABLE_OBJC_EXCEPTIONS = YES;
				GCC_OPTIMIZATION_LEVEL = 0;
				GCC_PREPROCESSOR_DEFINITIONS = (
					"DEBUG=1",
					"$(inherited)",
				);
				GCC_SYMBOLS_PRIVATE_EXTERN = NO;
				GCC_VERSION = com.apple.compilers.llvm.clang.1_0;
				GCC_WARN_64_TO_32_BIT_CONVERSION = YES;
				GCC_WARN_ABOUT_RETURN_TYPE = YES;
				GCC_WARN_UNINITIALIZED_AUTOS = YES;
				GCC_WARN_UNUSED_VARIABLE = YES;
				MACOSX_DEPLOYMENT_TARGET = 10.7;
				ONLY_ACTIVE_ARCH = YES;
				SDKROOT = macosx;
			};
			name = Debug;
		};
		06EFCE3915594F4F00498776 /* Release */ = {
			isa = XCBuildConfiguration;
			buildSettings = {
				ALWAYS_SEARCH_USER_PATHS = NO;
				ARCHS = "$(ARCHS_STANDARD_64_BIT)";
				CLANG_ENABLE_OBJC_ARC = YES;
				COPY_PHASE_STRIP = YES;
				DEBUG_INFORMATION_FORMAT = "dwarf-with-dsym";
				GCC_C_LANGUAGE_STANDARD = gnu99;
				GCC_ENABLE_OBJC_EXCEPTIONS = YES;
				GCC_VERSION = com.apple.compilers.llvm.clang.1_0;
				GCC_WARN_64_TO_32_BIT_CONVERSION = YES;
				GCC_WARN_ABOUT_RETURN_TYPE = YES;
				GCC_WARN_UNINITIALIZED_AUTOS = YES;
				GCC_WARN_UNUSED_VARIABLE = YES;
				MACOSX_DEPLOYMENT_TARGET = 10.7;
				SDKROOT = macosx;
			};
			name = Release;
		};
		06EFCE3B15594F4F00498776 /* Debug */ = {
			isa = XCBuildConfiguration;
			buildSettings = {
				GCC_PRECOMPILE_PREFIX_HEADER = YES;
				GCC_PREFIX_HEADER = "SchoolP/SchoolP-Prefix.pch";
				PRODUCT_NAME = "$(TARGET_NAME)";
			};
			name = Debug;
		};
		06EFCE3C15594F4F00498776 /* Release */ = {
			isa = XCBuildConfiguration;
			buildSettings = {
				GCC_PRECOMPILE_PREFIX_HEADER = YES;
				GCC_PREFIX_HEADER = "SchoolP/SchoolP-Prefix.pch";
				PRODUCT_NAME = "$(TARGET_NAME)";
			};
			name = Release;
		};
/* End XCBuildConfiguration section */

/* Begin XCConfigurationList section */
		06EFCE2515594F4F00498776 /* Build configuration list for PBXProject "SchoolP" */ = {
			isa = XCConfigurationList;
			buildConfigurations = (
				06EFCE3815594F4F00498776 /* Debug */,
				06EFCE3915594F4F00498776 /* Release */,
			);
			defaultConfigurationIsVisible = 0;
			defaultConfigurationName = Release;
		};
		06EFCE3A15594F4F00498776 /* Build configuration list for PBXNativeTarget "SchoolP" */ = {
			isa = XCConfigurationList;
			buildConfigurations = (
				06EFCE3B15594F4F00498776 /* Debug */,
				06EFCE3C15594F4F00498776 /* Release */,
			);
			defaultConfigurationIsVisible = 0;
			defaultConfigurationName = Release;
		};
/* End XCConfigurationList section */
	};
	rootObject = 06EFCE2215594F4F00498776 /* Project object */;
}
